
Microsoft Visual Studio Solution File, Format Version 12.00
# Visual Studio Version 16
VisualStudioVersion = 16.0.28803.156
MinimumVisualStudioVersion = 10.0.40219.1
Project("{9A19103F-16F7-4668-BE54-9A1E7A4F7556}") = "EntitySignal", "EntitySignal\EntitySignal.csproj", "{7433A848-477A-48DA-BBDC-A786406314D6}"
EndProject
Project("{9A19103F-16F7-4668-BE54-9A1E7A4F7556}") = "EntitySignal.Server", "EntitySignal.Server\EntitySignal.Server.csproj", "{7EE16A2F-6ABA-4848-A498-1AAF7E91BB12}"
EndProject
Project("{9A19103F-16F7-4668-BE54-9A1E7A4F7556}") = "EntitySignal.Blazor.Client", "EntitySignal.Blazor\Client\EntitySignal.Blazor.Client.csproj", "{A58CA4E8-98F7-4534-96D6-0A154426703D}"
EndProject
Project("{FAE04EC0-301F-11D3-BF4B-00C04F79EFBC}") = "EntitySignal.Models", "EntitySignal.Models\EntitySignal.Models.csproj", "{F4173D29-05E7-4767-BD09-667664FD9A6B}"
EndProject
Global
	GlobalSection(SolutionConfigurationPlatforms) = preSolution
		Debug|Any CPU = Debug|Any CPU
		Debug|ARM = Debug|ARM
		Debug|iPhone = Debug|iPhone
		Debug|iPhoneSimulator = Debug|iPhoneSimulator
		Debug|x64 = Debug|x64
		Debug|x86 = Debug|x86
		Release|Any CPU = Release|Any CPU
		Release|ARM = Release|ARM
		Release|iPhone = Release|iPhone
		Release|iPhoneSimulator = Release|iPhoneSimulator
		Release|x64 = Release|x64
		Release|x86 = Release|x86
	EndGlobalSection
	GlobalSection(ProjectConfigurationPlatforms) = postSolution
		{7433A848-477A-48DA-BBDC-A786406314D6}.Debug|Any CPU.ActiveCfg = Debug|Any CPU
		{7433A848-477A-48DA-BBDC-A786406314D6}.Debug|Any CPU.Build.0 = Debug|Any CPU
		{7433A848-477A-48DA-BBDC-A786406314D6}.Debug|ARM.ActiveCfg = Debug|Any CPU
		{7433A848-477A-48DA-BBDC-A786406314D6}.Debug|ARM.Build.0 = Debug|Any CPU
		{7433A848-477A-48DA-BBDC-A786406314D6}.Debug|iPhone.ActiveCfg = Debug|Any CPU
		{7433A848-477A-48DA-BBDC-A786406314D6}.Debug|iPhone.Build.0 = Debug|Any CPU
		{7433A848-477A-48DA-BBDC-A786406314D6}.Debug|iPhoneSimulator.ActiveCfg = Debug|Any CPU
		{7433A848-477A-48DA-BBDC-A786406314D6}.Debug|iPhoneSimulator.Build.0 = Debug|Any CPU
		{7433A848-477A-48DA-BBDC-A786406314D6}.Debug|x64.ActiveCfg = Debug|Any CPU
		{7433A848-477A-48DA-BBDC-A786406314D6}.Debug|x64.Build.0 = Debug|Any CPU
		{7433A848-477A-48DA-BBDC-A786406314D6}.Debug|x86.ActiveCfg = Debug|Any CPU
		{7433A848-477A-48DA-BBDC-A786406314D6}.Debug|x86.Build.0 = Debug|Any CPU
		{7433A848-477A-48DA-BBDC-A786406314D6}.Release|Any CPU.ActiveCfg = Release|Any CPU
		{7433A848-477A-48DA-BBDC-A786406314D6}.Release|Any CPU.Build.0 = Release|Any CPU
		{7433A848-477A-48DA-BBDC-A786406314D6}.Release|ARM.ActiveCfg = Release|Any CPU
		{7433A848-477A-48DA-BBDC-A786406314D6}.Release|ARM.Build.0 = Release|Any CPU
		{7433A848-477A-48DA-BBDC-A786406314D6}.Release|iPhone.ActiveCfg = Release|Any CPU
		{7433A848-477A-48DA-BBDC-A786406314D6}.Release|iPhone.Build.0 = Release|Any CPU
		{7433A848-477A-48DA-BBDC-A786406314D6}.Release|iPhoneSimulator.ActiveCfg = Release|Any CPU
		{7433A848-477A-48DA-BBDC-A786406314D6}.Release|iPhoneSimulator.Build.0 = Release|Any CPU
		{7433A848-477A-48DA-BBDC-A786406314D6}.Release|x64.ActiveCfg = Release|Any CPU
		{7433A848-477A-48DA-BBDC-A786406314D6}.Release|x64.Build.0 = Release|Any CPU
		{7433A848-477A-48DA-BBDC-A786406314D6}.Release|x86.ActiveCfg = Release|Any CPU
		{7433A848-477A-48DA-BBDC-A786406314D6}.Release|x86.Build.0 = Release|Any CPU
		{7EE16A2F-6ABA-4848-A498-1AAF7E91BB12}.Debug|Any CPU.ActiveCfg = Debug|Any CPU
		{7EE16A2F-6ABA-4848-A498-1AAF7E91BB12}.Debug|Any CPU.Build.0 = Debug|Any CPU
		{7EE16A2F-6ABA-4848-A498-1AAF7E91BB12}.Debug|ARM.ActiveCfg = Debug|Any CPU
		{7EE16A2F-6ABA-4848-A498-1AAF7E91BB12}.Debug|ARM.Build.0 = Debug|Any CPU
		{7EE16A2F-6ABA-4848-A498-1AAF7E91BB12}.Debug|iPhone.ActiveCfg = Debug|Any CPU
		{7EE16A2F-6ABA-4848-A498-1AAF7E91BB12}.Debug|iPhone.Build.0 = Debug|Any CPU
		{7EE16A2F-6ABA-4848-A498-1AAF7E91BB12}.Debug|iPhoneSimulator.ActiveCfg = Debug|Any CPU
		{7EE16A2F-6ABA-4848-A498-1AAF7E91BB12}.Debug|iPhoneSimulator.Build.0 = Debug|Any CPU
		{7EE16A2F-6ABA-4848-A498-1AAF7E91BB12}.Debug|x64.ActiveCfg = Debug|Any CPU
		{7EE16A2F-6ABA-4848-A498-1AAF7E91BB12}.Debug|x64.Build.0 = Debug|Any CPU
		{7EE16A2F-6ABA-4848-A498-1AAF7E91BB12}.Debug|x86.ActiveCfg = Debug|Any CPU
		{7EE16A2F-6ABA-4848-A498-1AAF7E91BB12}.Debug|x86.Build.0 = Debug|Any CPU
		{7EE16A2F-6ABA-4848-A498-1AAF7E91BB12}.Release|Any CPU.ActiveCfg = Release|Any CPU
		{7EE16A2F-6ABA-4848-A498-1AAF7E91BB12}.Release|Any CPU.Build.0 = Release|Any CPU
		{7EE16A2F-6ABA-4848-A498-1AAF7E91BB12}.Release|ARM.ActiveCfg = Release|Any CPU
		{7EE16A2F-6ABA-4848-A498-1AAF7E91BB12}.Release|ARM.Build.0 = Release|Any CPU
		{7EE16A2F-6ABA-4848-A498-1AAF7E91BB12}.Release|iPhone.ActiveCfg = Release|Any CPU
		{7EE16A2F-6ABA-4848-A498-1AAF7E91BB12}.Release|iPhone.Build.0 = Release|Any CPU
		{7EE16A2F-6ABA-4848-A498-1AAF7E91BB12}.Release|iPhoneSimulator.ActiveCfg = Release|Any CPU
		{7EE16A2F-6ABA-4848-A498-1AAF7E91BB12}.Release|iPhoneSimulator.Build.0 = Release|Any CPU
		{7EE16A2F-6ABA-4848-A498-1AAF7E91BB12}.Release|x64.ActiveCfg = Release|Any CPU
		{7EE16A2F-6ABA-4848-A498-1AAF7E91BB12}.Release|x64.Build.0 = Release|Any CPU
		{7EE16A2F-6ABA-4848-A498-1AAF7E91BB12}.Release|x86.ActiveCfg = Release|Any CPU
		{7EE16A2F-6ABA-4848-A498-1AAF7E91BB12}.Release|x86.Build.0 = Release|Any CPU
		{A58CA4E8-98F7-4534-96D6-0A154426703D}.Debug|Any CPU.ActiveCfg = Debug|Any CPU
		{A58CA4E8-98F7-4534-96D6-0A154426703D}.Debug|Any CPU.Build.0 = Debug|Any CPU
		{A58CA4E8-98F7-4534-96D6-0A154426703D}.Debug|ARM.ActiveCfg = Debug|Any CPU
		{A58CA4E8-98F7-4534-96D6-0A154426703D}.Debug|ARM.Build.0 = Debug|Any CPU
		{A58CA4E8-98F7-4534-96D6-0A154426703D}.Debug|iPhone.ActiveCfg = Debug|Any CPU
		{A58CA4E8-98F7-4534-96D6-0A154426703D}.Debug|iPhone.Build.0 = Debug|Any CPU
		{A58CA4E8-98F7-4534-96D6-0A154426703D}.Debug|iPhoneSimulator.ActiveCfg = Debug|Any CPU
		{A58CA4E8-98F7-4534-96D6-0A154426703D}.Debug|iPhoneSimulator.Build.0 = Debug|Any CPU
		{A58CA4E8-98F7-4534-96D6-0A154426703D}.Debug|x64.ActiveCfg = Debug|Any CPU
		{A58CA4E8-98F7-4534-96D6-0A154426703D}.Debug|x64.Build.0 = Debug|Any CPU
		{A58CA4E8-98F7-4534-96D6-0A154426703D}.Debug|x86.ActiveCfg = Debug|Any CPU
		{A58CA4E8-98F7-4534-96D6-0A154426703D}.Debug|x86.Build.0 = Debug|Any CPU
		{A58CA4E8-98F7-4534-96D6-0A154426703D}.Release|Any CPU.ActiveCfg = Release|Any CPU
		{A58CA4E8-98F7-4534-96D6-0A154426703D}.Release|Any CPU.Build.0 = Release|Any CPU
		{A58CA4E8-98F7-4534-96D6-0A154426703D}.Release|ARM.ActiveCfg = Release|Any CPU
		{A58CA4E8-98F7-4534-96D6-0A154426703D}.Release|ARM.Build.0 = Release|Any CPU
		{A58CA4E8-98F7-4534-96D6-0A154426703D}.Release|iPhone.ActiveCfg = Release|Any CPU
		{A58CA4E8-98F7-4534-96D6-0A154426703D}.Release|iPhone.Build.0 = Release|Any CPU
		{A58CA4E8-98F7-4534-96D6-0A154426703D}.Release|iPhoneSimulator.ActiveCfg = Release|Any CPU
		{A58CA4E8-98F7-4534-96D6-0A154426703D}.Release|iPhoneSimulator.Build.0 = Release|Any CPU
		{A58CA4E8-98F7-4534-96D6-0A154426703D}.Release|x64.ActiveCfg = Release|Any CPU
		{A58CA4E8-98F7-4534-96D6-0A154426703D}.Release|x64.Build.0 = Release|Any CPU
		{A58CA4E8-98F7-4534-96D6-0A154426703D}.Release|x86.ActiveCfg = Release|Any CPU
		{A58CA4E8-98F7-4534-96D6-0A154426703D}.Release|x86.Build.0 = Release|Any CPU
		{F4173D29-05E7-4767-BD09-667664FD9A6B}.Debug|Any CPU.ActiveCfg = Debug|Any CPU
		{F4173D29-05E7-4767-BD09-667664FD9A6B}.Debug|Any CPU.Build.0 = Debug|Any CPU
		{F4173D29-05E7-4767-BD09-667664FD9A6B}.Debug|ARM.ActiveCfg = Debug|Any CPU
		{F4173D29-05E7-4767-BD09-667664FD9A6B}.Debug|ARM.Build.0 = Debug|Any CPU
		{F4173D29-05E7-4767-BD09-667664FD9A6B}.Debug|iPhone.ActiveCfg = Debug|Any CPU
		{F4173D29-05E7-4767-BD09-667664FD9A6B}.Debug|iPhone.Build.0 = Debug|Any CPU
		{F4173D29-05E7-4767-BD09-667664FD9A6B}.Debug|iPhoneSimulator.ActiveCfg = Debug|Any CPU
		{F4173D29-05E7-4767-BD09-667664FD9A6B}.Debug|iPhoneSimulator.Build.0 = Debug|Any CPU
		{F4173D29-05E7-4767-BD09-667664FD9A6B}.Debug|x64.ActiveCfg = Debug|Any CPU
		{F4173D29-05E7-4767-BD09-667664FD9A6B}.Debug|x64.Build.0 = Debug|Any CPU
		{F4173D29-05E7-4767-BD09-667664FD9A6B}.Debug|x86.ActiveCfg = Debug|Any CPU
		{F4173D29-05E7-4767-BD09-667664FD9A6B}.Debug|x86.Build.0 = Debug|Any CPU
		{F4173D29-05E7-4767-BD09-667664FD9A6B}.Release|Any CPU.ActiveCfg = Release|Any CPU
		{F4173D29-05E7-4767-BD09-667664FD9A6B}.Release|Any CPU.Build.0 = Release|Any CPU
		{F4173D29-05E7-4767-BD09-667664FD9A6B}.Release|ARM.ActiveCfg = Release|Any CPU
		{F4173D29-05E7-4767-BD09-667664FD9A6B}.Release|ARM.Build.0 = Release|Any CPU
		{F4173D29-05E7-4767-BD09-667664FD9A6B}.Release|iPhone.ActiveCfg = Release|Any CPU
		{F4173D29-05E7-4767-BD09-667664FD9A6B}.Release|iPhone.Build.0 = Release|Any CPU
		{F4173D29-05E7-4767-BD09-667664FD9A6B}.Release|iPhoneSimulator.ActiveCfg = Release|Any CPU
		{F4173D29-05E7-4767-BD09-667664FD9A6B}.Release|iPhoneSimulator.Build.0 = Release|Any CPU
		{F4173D29-05E7-4767-BD09-667664FD9A6B}.Release|x64.ActiveCfg = Release|Any CPU
		{F4173D29-05E7-4767-BD09-667664FD9A6B}.Release|x64.Build.0 = Release|Any CPU
		{F4173D29-05E7-4767-BD09-667664FD9A6B}.Release|x86.ActiveCfg = Release|Any CPU
		{F4173D29-05E7-4767-BD09-667664FD9A6B}.Release|x86.Build.0 = Release|Any CPU
	EndGlobalSection
	GlobalSection(SolutionProperties) = preSolution
		HideSolutionNode = FALSE
	EndGlobalSection
	GlobalSection(ExtensibilityGlobals) = postSolution
		SolutionGuid = {4EB50CC4-8A84-4A7E-ACEF-1AF7E8CAE86A}
	EndGlobalSection
EndGlobal
