{
  "name": "ng-entity-signal",
  "version": "1.0.3",
  "lockfileVersion": 1,
  "requires": true,
  "dependencies": {
    "@types/angular": {
      "version": "1.6.55",
      "resolved": "https://registry.npmjs.org/@types/angular/-/angular-1.6.55.tgz",
      "integrity": "sha512-jpQ5K6t76thd9Ook5x4Xj9K462hMje6/Q84SFxglBmaW8HOLblVnALpvg6w6aV3Oe6o9jWXnYH8gHHKrfSRxNQ==",
      "dev": true
    }
  }
}
